// !$*UTF8*$!
{
	archiveVersion = 1;
	classes = {
	};
	objectVersion = 50;
	objects = {

/* Begin PBXBuildFile section */
		0625163E22D6C71900EBB4C8 /* nidhamu.xcdatamodeld in Sources */ = {isa = PBXBuildFile; fileRef = 0625163C22D6C71900EBB4C8 /* nidhamu.xcdatamodeld */; };
		0625164E22D6C71B00EBB4C8 /* nidhamuTests.swift in Sources */ = {isa = PBXBuildFile; fileRef = 0625164D22D6C71B00EBB4C8 /* nidhamuTests.swift */; };
		0625165922D6C71B00EBB4C8 /* nidhamuUITests.swift in Sources */ = {isa = PBXBuildFile; fileRef = 0625165822D6C71B00EBB4C8 /* nidhamuUITests.swift */; };
		062516BC22D6CF4200EBB4C8 /* Assets.xcassets in Resources */ = {isa = PBXBuildFile; fileRef = 0625168822D6CF4100EBB4C8 /* Assets.xcassets */; };
		062516BD22D6CF4200EBB4C8 /* LaunchScreen.storyboard in Resources */ = {isa = PBXBuildFile; fileRef = 0625168A22D6CF4100EBB4C8 /* LaunchScreen.storyboard */; };
		062516BF22D6CF4200EBB4C8 /* ScrollBars.swift in Sources */ = {isa = PBXBuildFile; fileRef = 0625168E22D6CF4200EBB4C8 /* ScrollBars.swift */; };
		0629972323A09157001D178D /* RightCell.swift in Sources */ = {isa = PBXBuildFile; fileRef = 0629972223A09157001D178D /* RightCell.swift */; };
		063A3DA7238E4B2B00DACE48 /* DST.swift in Sources */ = {isa = PBXBuildFile; fileRef = 063A3DA6238E4B2B00DACE48 /* DST.swift */; };
		06473CA82346DF00009397AE /* SendMsg.swift in Sources */ = {isa = PBXBuildFile; fileRef = 06473CA72346DF00009397AE /* SendMsg.swift */; };
		065412D3237A6D840080F3EF /* TapPopup.swift in Sources */ = {isa = PBXBuildFile; fileRef = 06541286237A6D830080F3EF /* TapPopup.swift */; };
		065412D4237A6D840080F3EF /* TFReturn.swift in Sources */ = {isa = PBXBuildFile; fileRef = 06541287237A6D830080F3EF /* TFReturn.swift */; };
		065412D5237A6D840080F3EF /* Tap.swift in Sources */ = {isa = PBXBuildFile; fileRef = 06541288237A6D830080F3EF /* Tap.swift */; };
		065412D6237A6D840080F3EF /* EmailVC.swift in Sources */ = {isa = PBXBuildFile; fileRef = 06541289237A6D830080F3EF /* EmailVC.swift */; };
		065412D7237A6D840080F3EF /* Pinch.swift in Sources */ = {isa = PBXBuildFile; fileRef = 0654128A237A6D830080F3EF /* Pinch.swift */; };
		065412D8237A6D840080F3EF /* TextField.swift in Sources */ = {isa = PBXBuildFile; fileRef = 0654128B237A6D830080F3EF /* TextField.swift */; };
		065412D9237A6D840080F3EF /* UINotify.swift in Sources */ = {isa = PBXBuildFile; fileRef = 0654128C237A6D830080F3EF /* UINotify.swift */; };
		065412DA237A6D840080F3EF /* Keyboard.swift in Sources */ = {isa = PBXBuildFile; fileRef = 0654128D237A6D830080F3EF /* Keyboard.swift */; };
		065412DB237A6D840080F3EF /* EmailCSV.swift in Sources */ = {isa = PBXBuildFile; fileRef = 0654128E237A6D830080F3EF /* EmailCSV.swift */; };
		065412DC237A6D840080F3EF /* PSwitch.swift in Sources */ = {isa = PBXBuildFile; fileRef = 06541290237A6D830080F3EF /* PSwitch.swift */; };
		065412DD237A6D840080F3EF /* AddPopup.swift in Sources */ = {isa = PBXBuildFile; fileRef = 06541291237A6D830080F3EF /* AddPopup.swift */; };
		065412DE237A6D840080F3EF /* PopupVC.swift in Sources */ = {isa = PBXBuildFile; fileRef = 06541292237A6D830080F3EF /* PopupVC.swift */; };
		065412DF237A6D840080F3EF /* PLifeCycle.swift in Sources */ = {isa = PBXBuildFile; fileRef = 06541293237A6D830080F3EF /* PLifeCycle.swift */; };
		065412E0237A6D840080F3EF /* PCellPath.swift in Sources */ = {isa = PBXBuildFile; fileRef = 06541294237A6D830080F3EF /* PCellPath.swift */; };
		065412E1237A6D840080F3EF /* Cell.swift in Sources */ = {isa = PBXBuildFile; fileRef = 06541296237A6D830080F3EF /* Cell.swift */; };
		065412E2237A6D840080F3EF /* LeftCell.swift in Sources */ = {isa = PBXBuildFile; fileRef = 06541297237A6D830080F3EF /* LeftCell.swift */; };
		065412E3237A6D840080F3EF /* BaseCell.swift in Sources */ = {isa = PBXBuildFile; fileRef = 06541298237A6D830080F3EF /* BaseCell.swift */; };
		065412E4237A6D840080F3EF /* Buttons.swift in Sources */ = {isa = PBXBuildFile; fileRef = 0654129A237A6D830080F3EF /* Buttons.swift */; };
		065412E5237A6D840080F3EF /* NavTitle.swift in Sources */ = {isa = PBXBuildFile; fileRef = 0654129B237A6D830080F3EF /* NavTitle.swift */; };
		065412E6237A6D840080F3EF /* NavBar.swift in Sources */ = {isa = PBXBuildFile; fileRef = 0654129C237A6D830080F3EF /* NavBar.swift */; };
		065412E7237A6D840080F3EF /* Reload.swift in Sources */ = {isa = PBXBuildFile; fileRef = 0654129D237A6D830080F3EF /* Reload.swift */; };
		065412E8237A6D840080F3EF /* GoToVC.swift in Sources */ = {isa = PBXBuildFile; fileRef = 0654129E237A6D830080F3EF /* GoToVC.swift */; };
		065412E9237A6D840080F3EF /* Strings.swift in Sources */ = {isa = PBXBuildFile; fileRef = 065412A0237A6D830080F3EF /* Strings.swift */; };
		065412EA237A6D840080F3EF /* Colours.swift in Sources */ = {isa = PBXBuildFile; fileRef = 065412A1237A6D830080F3EF /* Colours.swift */; };
		065412EB237A6D840080F3EF /* BlockBorder.swift in Sources */ = {isa = PBXBuildFile; fileRef = 065412A2237A6D830080F3EF /* BlockBorder.swift */; };
		065412EC237A6D840080F3EF /* Animations.swift in Sources */ = {isa = PBXBuildFile; fileRef = 065412A3237A6D830080F3EF /* Animations.swift */; };
		065412ED237A6D840080F3EF /* Prynts.swift in Sources */ = {isa = PBXBuildFile; fileRef = 065412A4237A6D830080F3EF /* Prynts.swift */; };
		065412EE237A6D840080F3EF /* RotateLock.swift in Sources */ = {isa = PBXBuildFile; fileRef = 065412A5237A6D830080F3EF /* RotateLock.swift */; };
		065412EF237A6D840080F3EF /* VCLifecycle.swift in Sources */ = {isa = PBXBuildFile; fileRef = 065412A7237A6D830080F3EF /* VCLifecycle.swift */; };
		065412F0237A6D840080F3EF /* UIMode.swift in Sources */ = {isa = PBXBuildFile; fileRef = 065412A8237A6D830080F3EF /* UIMode.swift */; };
		065412F1237A6D840080F3EF /* PrepareTBs.swift in Sources */ = {isa = PBXBuildFile; fileRef = 065412A9237A6D830080F3EF /* PrepareTBs.swift */; };
		065412F2237A6D840080F3EF /* TagTasks.swift in Sources */ = {isa = PBXBuildFile; fileRef = 065412AA237A6D830080F3EF /* TagTasks.swift */; };
		065412F3237A6D840080F3EF /* CellSetup.swift in Sources */ = {isa = PBXBuildFile; fileRef = 065412AB237A6D830080F3EF /* CellSetup.swift */; };
		065412F4237A6D840080F3EF /* CollectionVC.swift in Sources */ = {isa = PBXBuildFile; fileRef = 065412AC237A6D830080F3EF /* CollectionVC.swift */; };
		065412F5237A6D840080F3EF /* CellPath.swift in Sources */ = {isa = PBXBuildFile; fileRef = 065412AD237A6D830080F3EF /* CellPath.swift */; };
		065412F6237A6D840080F3EF /* Archiving.swift in Sources */ = {isa = PBXBuildFile; fileRef = 065412AE237A6D830080F3EF /* Archiving.swift */; };
		065412F7237A6D840080F3EF /* FormatDate.swift in Sources */ = {isa = PBXBuildFile; fileRef = 065412B0237A6D840080F3EF /* FormatDate.swift */; };
		065412F8237A6D840080F3EF /* SetCellDate.swift in Sources */ = {isa = PBXBuildFile; fileRef = 065412B1237A6D840080F3EF /* SetCellDate.swift */; };
		065412FA237A6D840080F3EF /* ShowDates.swift in Sources */ = {isa = PBXBuildFile; fileRef = 065412B3237A6D840080F3EF /* ShowDates.swift */; };
		065412FB237A6D840080F3EF /* Dates.swift in Sources */ = {isa = PBXBuildFile; fileRef = 065412B4237A6D840080F3EF /* Dates.swift */; };
		065412FC237A6D840080F3EF /* CellDates.swift in Sources */ = {isa = PBXBuildFile; fileRef = 065412B5237A6D840080F3EF /* CellDates.swift */; };
		065412FD237A6D840080F3EF /* DateStrings.swift in Sources */ = {isa = PBXBuildFile; fileRef = 065412B6237A6D840080F3EF /* DateStrings.swift */; };
		065412FE237A6D840080F3EF /* DateRefresh.swift in Sources */ = {isa = PBXBuildFile; fileRef = 065412B7237A6D840080F3EF /* DateRefresh.swift */; };
		065412FF237A6D840080F3EF /* Sizes.swift in Sources */ = {isa = PBXBuildFile; fileRef = 065412B9237A6D840080F3EF /* Sizes.swift */; };
		06541300237A6D840080F3EF /* Attributes.swift in Sources */ = {isa = PBXBuildFile; fileRef = 065412BA237A6D840080F3EF /* Attributes.swift */; };
		06541301237A6D840080F3EF /* SizeEnums.swift in Sources */ = {isa = PBXBuildFile; fileRef = 065412BB237A6D840080F3EF /* SizeEnums.swift */; };
		06541302237A6D840080F3EF /* ZIndex.swift in Sources */ = {isa = PBXBuildFile; fileRef = 065412BC237A6D840080F3EF /* ZIndex.swift */; };
		06541303237A6D840080F3EF /* SetTopVC.swift in Sources */ = {isa = PBXBuildFile; fileRef = 065412BD237A6D840080F3EF /* SetTopVC.swift */; };
		06541304237A6D840080F3EF /* Layout.swift in Sources */ = {isa = PBXBuildFile; fileRef = 065412BE237A6D840080F3EF /* Layout.swift */; };
		06541305237A6D840080F3EF /* Prepare.swift in Sources */ = {isa = PBXBuildFile; fileRef = 065412BF237A6D840080F3EF /* Prepare.swift */; };
		06541306237A6D840080F3EF /* TestSquare.swift in Sources */ = {isa = PBXBuildFile; fileRef = 065412C1237A6D840080F3EF /* TestSquare.swift */; };
		06541307237A6D840080F3EF /* Orientation.swift in Sources */ = {isa = PBXBuildFile; fileRef = 065412C2237A6D840080F3EF /* Orientation.swift */; };
		06541308237A6D840080F3EF /* DeviceType.swift in Sources */ = {isa = PBXBuildFile; fileRef = 065412C3237A6D840080F3EF /* DeviceType.swift */; };
		06541309237A6D840080F3EF /* Sorting.swift in Sources */ = {isa = PBXBuildFile; fileRef = 065412C5237A6D840080F3EF /* Sorting.swift */; };
		0654130A237A6D840080F3EF /* SimpleTask.swift in Sources */ = {isa = PBXBuildFile; fileRef = 065412C6237A6D840080F3EF /* SimpleTask.swift */; };
		0654130B237A6D840080F3EF /* DefaultLoad.swift in Sources */ = {isa = PBXBuildFile; fileRef = 065412C7237A6D840080F3EF /* DefaultLoad.swift */; };
		0654130C237A6D840080F3EF /* TimeBlock.swift in Sources */ = {isa = PBXBuildFile; fileRef = 065412C8237A6D840080F3EF /* TimeBlock.swift */; };
		0654130D237A6D840080F3EF /* VCType.swift in Sources */ = {isa = PBXBuildFile; fileRef = 065412C9237A6D840080F3EF /* VCType.swift */; };
		0654130E237A6D840080F3EF /* DefaultSave.swift in Sources */ = {isa = PBXBuildFile; fileRef = 065412CA237A6D840080F3EF /* DefaultSave.swift */; };
		0654130F237A6D840080F3EF /* VCs.swift in Sources */ = {isa = PBXBuildFile; fileRef = 065412CC237A6D840080F3EF /* VCs.swift */; };
		06541310237A6D840080F3EF /* TimeVars.swift in Sources */ = {isa = PBXBuildFile; fileRef = 065412CD237A6D840080F3EF /* TimeVars.swift */; };
		06541311237A6D840080F3EF /* AppLifecycle.swift in Sources */ = {isa = PBXBuildFile; fileRef = 065412CE237A6D840080F3EF /* AppLifecycle.swift */; };
		06541312237A6D840080F3EF /* TaskVars.swift in Sources */ = {isa = PBXBuildFile; fileRef = 065412CF237A6D840080F3EF /* TaskVars.swift */; };
		06541313237A6D840080F3EF /* Vars.swift in Sources */ = {isa = PBXBuildFile; fileRef = 065412D0237A6D840080F3EF /* Vars.swift */; };
		06541314237A6D840080F3EF /* AppDelegate.swift in Sources */ = {isa = PBXBuildFile; fileRef = 065412D1237A6D840080F3EF /* AppDelegate.swift */; };
		06541315237A6D840080F3EF /* Tasks.swift in Sources */ = {isa = PBXBuildFile; fileRef = 065412D2237A6D840080F3EF /* Tasks.swift */; };
		0665328F23A55A05006EC559 /* LRSetup.swift in Sources */ = {isa = PBXBuildFile; fileRef = 0665328E23A55A05006EC559 /* LRSetup.swift */; };
		0678FC5C23DAA4E0009B25B8 /* ProcessTBs.swift in Sources */ = {isa = PBXBuildFile; fileRef = 0678FC5B23DAA4E0009B25B8 /* ProcessTBs.swift */; };
		0678FC5E23DAA6CB009B25B8 /* LoginInterval.swift in Sources */ = {isa = PBXBuildFile; fileRef = 0678FC5D23DAA6CB009B25B8 /* LoginInterval.swift */; };
		0699C04B23BB0F23009D1DD2 /* VCs_II.swift in Sources */ = {isa = PBXBuildFile; fileRef = 0699C04A23BB0F23009D1DD2 /* VCs_II.swift */; };
		06A2035323D8096B00E4FA0A /* LongPress.swift in Sources */ = {isa = PBXBuildFile; fileRef = 06A2035223D8096B00E4FA0A /* LongPress.swift */; };
		06B6630923CD73A5001449D8 /* [Nidhamu] Task Archive.numbers in Resources */ = {isa = PBXBuildFile; fileRef = 06B6630723CD73A5001449D8 /* [Nidhamu] Task Archive.numbers */; };
		06B6630A23CD73A5001449D8 /* [Nidhamu] Task Archive.xlsx in Resources */ = {isa = PBXBuildFile; fileRef = 06B6630823CD73A5001449D8 /* [Nidhamu] Task Archive.xlsx */; };
/* End PBXBuildFile section */

/* Begin PBXContainerItemProxy section */
		0625164A22D6C71B00EBB4C8 /* PBXContainerItemProxy */ = {
			isa = PBXContainerItemProxy;
			containerPortal = 0625162A22D6C71900EBB4C8 /* Project object */;
			proxyType = 1;
			remoteGlobalIDString = 0625163122D6C71900EBB4C8;
			remoteInfo = nidhamu;
		};
		0625165522D6C71B00EBB4C8 /* PBXContainerItemProxy */ = {
			isa = PBXContainerItemProxy;
			containerPortal = 0625162A22D6C71900EBB4C8 /* Project object */;
			proxyType = 1;
			remoteGlobalIDString = 0625163122D6C71900EBB4C8;
			remoteInfo = nidhamu;
		};
/* End PBXContainerItemProxy section */

/* Begin PBXFileReference section */
		0625163222D6C71900EBB4C8 /* nidhamu.app */ = {isa = PBXFileReference; explicitFileType = wrapper.application; includeInIndex = 0; path = nidhamu.app; sourceTree = BUILT_PRODUCTS_DIR; };
		0625163D22D6C71900EBB4C8 /* nidhamu.xcdatamodel */ = {isa = PBXFileReference; lastKnownFileType = wrapper.xcdatamodel; path = nidhamu.xcdatamodel; sourceTree = "<group>"; };
		0625164422D6C71A00EBB4C8 /* Info.plist */ = {isa = PBXFileReference; lastKnownFileType = text.plist.xml; path = Info.plist; sourceTree = "<group>"; };
		0625164922D6C71B00EBB4C8 /* nidhamuTests.xctest */ = {isa = PBXFileReference; explicitFileType = wrapper.cfbundle; includeInIndex = 0; path = nidhamuTests.xctest; sourceTree = BUILT_PRODUCTS_DIR; };
		0625164D22D6C71B00EBB4C8 /* nidhamuTests.swift */ = {isa = PBXFileReference; lastKnownFileType = sourcecode.swift; path = nidhamuTests.swift; sourceTree = "<group>"; };
		0625164F22D6C71B00EBB4C8 /* Info.plist */ = {isa = PBXFileReference; lastKnownFileType = text.plist.xml; path = Info.plist; sourceTree = "<group>"; };
		0625165422D6C71B00EBB4C8 /* nidhamuUITests.xctest */ = {isa = PBXFileReference; explicitFileType = wrapper.cfbundle; includeInIndex = 0; path = nidhamuUITests.xctest; sourceTree = BUILT_PRODUCTS_DIR; };
		0625165822D6C71B00EBB4C8 /* nidhamuUITests.swift */ = {isa = PBXFileReference; lastKnownFileType = sourcecode.swift; path = nidhamuUITests.swift; sourceTree = "<group>"; };
		0625165A22D6C71B00EBB4C8 /* Info.plist */ = {isa = PBXFileReference; lastKnownFileType = text.plist.xml; path = Info.plist; sourceTree = "<group>"; };
		0625168822D6CF4100EBB4C8 /* Assets.xcassets */ = {isa = PBXFileReference; lastKnownFileType = folder.assetcatalog; path = Assets.xcassets; sourceTree = "<group>"; };
		0625168B22D6CF4100EBB4C8 /* Base */ = {isa = PBXFileReference; lastKnownFileType = file.storyboard; name = Base; path = LaunchScreen.storyboard; sourceTree = "<group>"; };
		0625168E22D6CF4200EBB4C8 /* ScrollBars.swift */ = {isa = PBXFileReference; fileEncoding = 4; lastKnownFileType = sourcecode.swift; path = ScrollBars.swift; sourceTree = "<group>"; };
		0629972223A09157001D178D /* RightCell.swift */ = {isa = PBXFileReference; lastKnownFileType = sourcecode.swift; path = RightCell.swift; sourceTree = "<group>"; };
		063A3DA6238E4B2B00DACE48 /* DST.swift */ = {isa = PBXFileReference; lastKnownFileType = sourcecode.swift; path = DST.swift; sourceTree = "<group>"; };
		06473CA72346DF00009397AE /* SendMsg.swift */ = {isa = PBXFileReference; lastKnownFileType = sourcecode.swift; path = SendMsg.swift; sourceTree = "<group>"; };
		06541286237A6D830080F3EF /* TapPopup.swift */ = {isa = PBXFileReference; fileEncoding = 4; lastKnownFileType = sourcecode.swift; path = TapPopup.swift; sourceTree = "<group>"; };
		06541287237A6D830080F3EF /* TFReturn.swift */ = {isa = PBXFileReference; fileEncoding = 4; lastKnownFileType = sourcecode.swift; path = TFReturn.swift; sourceTree = "<group>"; };
		06541288237A6D830080F3EF /* Tap.swift */ = {isa = PBXFileReference; fileEncoding = 4; lastKnownFileType = sourcecode.swift; path = Tap.swift; sourceTree = "<group>"; };
		06541289237A6D830080F3EF /* EmailVC.swift */ = {isa = PBXFileReference; fileEncoding = 4; lastKnownFileType = sourcecode.swift; path = EmailVC.swift; sourceTree = "<group>"; };
		0654128A237A6D830080F3EF /* Pinch.swift */ = {isa = PBXFileReference; fileEncoding = 4; lastKnownFileType = sourcecode.swift; path = Pinch.swift; sourceTree = "<group>"; };
		0654128B237A6D830080F3EF /* TextField.swift */ = {isa = PBXFileReference; fileEncoding = 4; lastKnownFileType = sourcecode.swift; path = TextField.swift; sourceTree = "<group>"; };
		0654128C237A6D830080F3EF /* UINotify.swift */ = {isa = PBXFileReference; fileEncoding = 4; lastKnownFileType = sourcecode.swift; path = UINotify.swift; sourceTree = "<group>"; };
		0654128D237A6D830080F3EF /* Keyboard.swift */ = {isa = PBXFileReference; fileEncoding = 4; lastKnownFileType = sourcecode.swift; path = Keyboard.swift; sourceTree = "<group>"; };
		0654128E237A6D830080F3EF /* EmailCSV.swift */ = {isa = PBXFileReference; fileEncoding = 4; lastKnownFileType = sourcecode.swift; path = EmailCSV.swift; sourceTree = "<group>"; };
		06541290237A6D830080F3EF /* PSwitch.swift */ = {isa = PBXFileReference; fileEncoding = 4; lastKnownFileType = sourcecode.swift; path = PSwitch.swift; sourceTree = "<group>"; };
		06541291237A6D830080F3EF /* AddPopup.swift */ = {isa = PBXFileReference; fileEncoding = 4; lastKnownFileType = sourcecode.swift; path = AddPopup.swift; sourceTree = "<group>"; };
		06541292237A6D830080F3EF /* PopupVC.swift */ = {isa = PBXFileReference; fileEncoding = 4; lastKnownFileType = sourcecode.swift; path = PopupVC.swift; sourceTree = "<group>"; };
		06541293237A6D830080F3EF /* PLifeCycle.swift */ = {isa = PBXFileReference; fileEncoding = 4; lastKnownFileType = sourcecode.swift; path = PLifeCycle.swift; sourceTree = "<group>"; };
		06541294237A6D830080F3EF /* PCellPath.swift */ = {isa = PBXFileReference; fileEncoding = 4; lastKnownFileType = sourcecode.swift; path = PCellPath.swift; sourceTree = "<group>"; };
		06541296237A6D830080F3EF /* Cell.swift */ = {isa = PBXFileReference; fileEncoding = 4; lastKnownFileType = sourcecode.swift; path = Cell.swift; sourceTree = "<group>"; };
		06541297237A6D830080F3EF /* LeftCell.swift */ = {isa = PBXFileReference; fileEncoding = 4; lastKnownFileType = sourcecode.swift; path = LeftCell.swift; sourceTree = "<group>"; };
		06541298237A6D830080F3EF /* BaseCell.swift */ = {isa = PBXFileReference; fileEncoding = 4; lastKnownFileType = sourcecode.swift; path = BaseCell.swift; sourceTree = "<group>"; };
		0654129A237A6D830080F3EF /* Buttons.swift */ = {isa = PBXFileReference; fileEncoding = 4; lastKnownFileType = sourcecode.swift; path = Buttons.swift; sourceTree = "<group>"; };
		0654129B237A6D830080F3EF /* NavTitle.swift */ = {isa = PBXFileReference; fileEncoding = 4; lastKnownFileType = sourcecode.swift; path = NavTitle.swift; sourceTree = "<group>"; };
		0654129C237A6D830080F3EF /* NavBar.swift */ = {isa = PBXFileReference; fileEncoding = 4; lastKnownFileType = sourcecode.swift; path = NavBar.swift; sourceTree = "<group>"; };
		0654129D237A6D830080F3EF /* Reload.swift */ = {isa = PBXFileReference; fileEncoding = 4; lastKnownFileType = sourcecode.swift; path = Reload.swift; sourceTree = "<group>"; };
		0654129E237A6D830080F3EF /* GoToVC.swift */ = {isa = PBXFileReference; fileEncoding = 4; lastKnownFileType = sourcecode.swift; path = GoToVC.swift; sourceTree = "<group>"; };
		065412A0237A6D830080F3EF /* Strings.swift */ = {isa = PBXFileReference; fileEncoding = 4; lastKnownFileType = sourcecode.swift; path = Strings.swift; sourceTree = "<group>"; };
		065412A1237A6D830080F3EF /* Colours.swift */ = {isa = PBXFileReference; fileEncoding = 4; lastKnownFileType = sourcecode.swift; path = Colours.swift; sourceTree = "<group>"; };
		065412A2237A6D830080F3EF /* BlockBorder.swift */ = {isa = PBXFileReference; fileEncoding = 4; lastKnownFileType = sourcecode.swift; path = BlockBorder.swift; sourceTree = "<group>"; };
		065412A3237A6D830080F3EF /* Animations.swift */ = {isa = PBXFileReference; fileEncoding = 4; lastKnownFileType = sourcecode.swift; path = Animations.swift; sourceTree = "<group>"; };
		065412A4237A6D830080F3EF /* Prynts.swift */ = {isa = PBXFileReference; fileEncoding = 4; lastKnownFileType = sourcecode.swift; path = Prynts.swift; sourceTree = "<group>"; };
		065412A5237A6D830080F3EF /* RotateLock.swift */ = {isa = PBXFileReference; fileEncoding = 4; lastKnownFileType = sourcecode.swift; path = RotateLock.swift; sourceTree = "<group>"; };
		065412A7237A6D830080F3EF /* VCLifecycle.swift */ = {isa = PBXFileReference; fileEncoding = 4; lastKnownFileType = sourcecode.swift; path = VCLifecycle.swift; sourceTree = "<group>"; };
		065412A8237A6D830080F3EF /* UIMode.swift */ = {isa = PBXFileReference; fileEncoding = 4; lastKnownFileType = sourcecode.swift; path = UIMode.swift; sourceTree = "<group>"; };
		065412A9237A6D830080F3EF /* PrepareTBs.swift */ = {isa = PBXFileReference; fileEncoding = 4; lastKnownFileType = sourcecode.swift; path = PrepareTBs.swift; sourceTree = "<group>"; };
		065412AA237A6D830080F3EF /* TagTasks.swift */ = {isa = PBXFileReference; fileEncoding = 4; lastKnownFileType = sourcecode.swift; path = TagTasks.swift; sourceTree = "<group>"; };
		065412AB237A6D830080F3EF /* CellSetup.swift */ = {isa = PBXFileReference; fileEncoding = 4; lastKnownFileType = sourcecode.swift; path = CellSetup.swift; sourceTree = "<group>"; };
		065412AC237A6D830080F3EF /* CollectionVC.swift */ = {isa = PBXFileReference; fileEncoding = 4; lastKnownFileType = sourcecode.swift; path = CollectionVC.swift; sourceTree = "<group>"; };
		065412AD237A6D830080F3EF /* CellPath.swift */ = {isa = PBXFileReference; fileEncoding = 4; lastKnownFileType = sourcecode.swift; path = CellPath.swift; sourceTree = "<group>"; };
		065412AE237A6D830080F3EF /* Archiving.swift */ = {isa = PBXFileReference; fileEncoding = 4; lastKnownFileType = sourcecode.swift; path = Archiving.swift; sourceTree = "<group>"; };
		065412B0237A6D840080F3EF /* FormatDate.swift */ = {isa = PBXFileReference; fileEncoding = 4; lastKnownFileType = sourcecode.swift; path = FormatDate.swift; sourceTree = "<group>"; };
		065412B1237A6D840080F3EF /* SetCellDate.swift */ = {isa = PBXFileReference; fileEncoding = 4; lastKnownFileType = sourcecode.swift; path = SetCellDate.swift; sourceTree = "<group>"; };
		065412B3237A6D840080F3EF /* ShowDates.swift */ = {isa = PBXFileReference; fileEncoding = 4; lastKnownFileType = sourcecode.swift; path = ShowDates.swift; sourceTree = "<group>"; };
		065412B4237A6D840080F3EF /* Dates.swift */ = {isa = PBXFileReference; fileEncoding = 4; lastKnownFileType = sourcecode.swift; path = Dates.swift; sourceTree = "<group>"; };
		065412B5237A6D840080F3EF /* CellDates.swift */ = {isa = PBXFileReference; fileEncoding = 4; lastKnownFileType = sourcecode.swift; path = CellDates.swift; sourceTree = "<group>"; };
		065412B6237A6D840080F3EF /* DateStrings.swift */ = {isa = PBXFileReference; fileEncoding = 4; lastKnownFileType = sourcecode.swift; path = DateStrings.swift; sourceTree = "<group>"; };
		065412B7237A6D840080F3EF /* DateRefresh.swift */ = {isa = PBXFileReference; fileEncoding = 4; lastKnownFileType = sourcecode.swift; path = DateRefresh.swift; sourceTree = "<group>"; };
		065412B9237A6D840080F3EF /* Sizes.swift */ = {isa = PBXFileReference; fileEncoding = 4; lastKnownFileType = sourcecode.swift; path = Sizes.swift; sourceTree = "<group>"; };
		065412BA237A6D840080F3EF /* Attributes.swift */ = {isa = PBXFileReference; fileEncoding = 4; lastKnownFileType = sourcecode.swift; path = Attributes.swift; sourceTree = "<group>"; };
		065412BB237A6D840080F3EF /* SizeEnums.swift */ = {isa = PBXFileReference; fileEncoding = 4; lastKnownFileType = sourcecode.swift; path = SizeEnums.swift; sourceTree = "<group>"; };
		065412BC237A6D840080F3EF /* ZIndex.swift */ = {isa = PBXFileReference; fileEncoding = 4; lastKnownFileType = sourcecode.swift; path = ZIndex.swift; sourceTree = "<group>"; };
		065412BD237A6D840080F3EF /* SetTopVC.swift */ = {isa = PBXFileReference; fileEncoding = 4; lastKnownFileType = sourcecode.swift; path = SetTopVC.swift; sourceTree = "<group>"; };
		065412BE237A6D840080F3EF /* Layout.swift */ = {isa = PBXFileReference; fileEncoding = 4; lastKnownFileType = sourcecode.swift; path = Layout.swift; sourceTree = "<group>"; };
		065412BF237A6D840080F3EF /* Prepare.swift */ = {isa = PBXFileReference; fileEncoding = 4; lastKnownFileType = sourcecode.swift; path = Prepare.swift; sourceTree = "<group>"; };
		065412C1237A6D840080F3EF /* TestSquare.swift */ = {isa = PBXFileReference; fileEncoding = 4; lastKnownFileType = sourcecode.swift; path = TestSquare.swift; sourceTree = "<group>"; };
		065412C2237A6D840080F3EF /* Orientation.swift */ = {isa = PBXFileReference; fileEncoding = 4; lastKnownFileType = sourcecode.swift; path = Orientation.swift; sourceTree = "<group>"; };
		065412C3237A6D840080F3EF /* DeviceType.swift */ = {isa = PBXFileReference; fileEncoding = 4; lastKnownFileType = sourcecode.swift; path = DeviceType.swift; sourceTree = "<group>"; };
		065412C5237A6D840080F3EF /* Sorting.swift */ = {isa = PBXFileReference; fileEncoding = 4; lastKnownFileType = sourcecode.swift; path = Sorting.swift; sourceTree = "<group>"; };
		065412C6237A6D840080F3EF /* SimpleTask.swift */ = {isa = PBXFileReference; fileEncoding = 4; lastKnownFileType = sourcecode.swift; path = SimpleTask.swift; sourceTree = "<group>"; };
		065412C7237A6D840080F3EF /* DefaultLoad.swift */ = {isa = PBXFileReference; fileEncoding = 4; lastKnownFileType = sourcecode.swift; path = DefaultLoad.swift; sourceTree = "<group>"; };
		065412C8237A6D840080F3EF /* TimeBlock.swift */ = {isa = PBXFileReference; fileEncoding = 4; lastKnownFileType = sourcecode.swift; path = TimeBlock.swift; sourceTree = "<group>"; };
		065412C9237A6D840080F3EF /* VCType.swift */ = {isa = PBXFileReference; fileEncoding = 4; lastKnownFileType = sourcecode.swift; path = VCType.swift; sourceTree = "<group>"; };
		065412CA237A6D840080F3EF /* DefaultSave.swift */ = {isa = PBXFileReference; fileEncoding = 4; lastKnownFileType = sourcecode.swift; path = DefaultSave.swift; sourceTree = "<group>"; };
		065412CC237A6D840080F3EF /* VCs.swift */ = {isa = PBXFileReference; fileEncoding = 4; lastKnownFileType = sourcecode.swift; path = VCs.swift; sourceTree = "<group>"; };
		065412CD237A6D840080F3EF /* TimeVars.swift */ = {isa = PBXFileReference; fileEncoding = 4; lastKnownFileType = sourcecode.swift; path = TimeVars.swift; sourceTree = "<group>"; };
		065412CE237A6D840080F3EF /* AppLifecycle.swift */ = {isa = PBXFileReference; fileEncoding = 4; lastKnownFileType = sourcecode.swift; path = AppLifecycle.swift; sourceTree = "<group>"; };
		065412CF237A6D840080F3EF /* TaskVars.swift */ = {isa = PBXFileReference; fileEncoding = 4; lastKnownFileType = sourcecode.swift; path = TaskVars.swift; sourceTree = "<group>"; };
		065412D0237A6D840080F3EF /* Vars.swift */ = {isa = PBXFileReference; fileEncoding = 4; lastKnownFileType = sourcecode.swift; path = Vars.swift; sourceTree = "<group>"; };
		065412D1237A6D840080F3EF /* AppDelegate.swift */ = {isa = PBXFileReference; fileEncoding = 4; lastKnownFileType = sourcecode.swift; path = AppDelegate.swift; sourceTree = "<group>"; };
		065412D2237A6D840080F3EF /* Tasks.swift */ = {isa = PBXFileReference; fileEncoding = 4; lastKnownFileType = sourcecode.swift; path = Tasks.swift; sourceTree = "<group>"; };
		0665328E23A55A05006EC559 /* LRSetup.swift */ = {isa = PBXFileReference; lastKnownFileType = sourcecode.swift; path = LRSetup.swift; sourceTree = "<group>"; };
		0678FC5B23DAA4E0009B25B8 /* ProcessTBs.swift */ = {isa = PBXFileReference; lastKnownFileType = sourcecode.swift; path = ProcessTBs.swift; sourceTree = "<group>"; };
		0678FC5D23DAA6CB009B25B8 /* LoginInterval.swift */ = {isa = PBXFileReference; lastKnownFileType = sourcecode.swift; path = LoginInterval.swift; sourceTree = "<group>"; };
		0699C04A23BB0F23009D1DD2 /* VCs_II.swift */ = {isa = PBXFileReference; lastKnownFileType = sourcecode.swift; path = VCs_II.swift; sourceTree = "<group>"; };
		06A2035223D8096B00E4FA0A /* LongPress.swift */ = {isa = PBXFileReference; lastKnownFileType = sourcecode.swift; path = LongPress.swift; sourceTree = "<group>"; };
		06B6630723CD73A5001449D8 /* [Nidhamu] Task Archive.numbers */ = {isa = PBXFileReference; lastKnownFileType = file; path = "[Nidhamu] Task Archive.numbers"; sourceTree = "<group>"; };
		06B6630823CD73A5001449D8 /* [Nidhamu] Task Archive.xlsx */ = {isa = PBXFileReference; lastKnownFileType = file; path = "[Nidhamu] Task Archive.xlsx"; sourceTree = "<group>"; };
/* End PBXFileReference section */

/* Begin PBXFrameworksBuildPhase section */
		0625162F22D6C71900EBB4C8 /* Frameworks */ = {
			isa = PBXFrameworksBuildPhase;
			buildActionMask = 2147483647;
			files = (
			);
			runOnlyForDeploymentPostprocessing = 0;
		};
		0625164622D6C71B00EBB4C8 /* Frameworks */ = {
			isa = PBXFrameworksBuildPhase;
			buildActionMask = 2147483647;
			files = (
			);
			runOnlyForDeploymentPostprocessing = 0;
		};
		0625165122D6C71B00EBB4C8 /* Frameworks */ = {
			isa = PBXFrameworksBuildPhase;
			buildActionMask = 2147483647;
			files = (
			);
			runOnlyForDeploymentPostprocessing = 0;
		};
/* End PBXFrameworksBuildPhase section */

/* Begin PBXGroup section */
		0625162922D6C71900EBB4C8 = {
			isa = PBXGroup;
			children = (
				0625163422D6C71900EBB4C8 /* nidhamu */,
				0625164C22D6C71B00EBB4C8 /* nidhamuTests */,
				0625165722D6C71B00EBB4C8 /* nidhamuUITests */,
				0625163322D6C71900EBB4C8 /* Products */,
			);
			sourceTree = "<group>";
		};
		0625163322D6C71900EBB4C8 /* Products */ = {
			isa = PBXGroup;
			children = (
				0625163222D6C71900EBB4C8 /* nidhamu.app */,
				0625164922D6C71B00EBB4C8 /* nidhamuTests.xctest */,
				0625165422D6C71B00EBB4C8 /* nidhamuUITests.xctest */,
			);
			name = Products;
			sourceTree = "<group>";
		};
		0625163422D6C71900EBB4C8 /* nidhamu */ = {
			isa = PBXGroup;
			children = (
				065412CB237A6D840080F3EF /* Core */,
				065412AF237A6D840080F3EF /* Dates */,
				065412C4237A6D840080F3EF /* M */,
				0654129F237A6D830080F3EF /* V */,
				065412B8237A6D840080F3EF /* Vm */,
				065412A6237A6D830080F3EF /* C-core */,
				06541284237A6D830080F3EF /* C-more */,
				065412C0237A6D840080F3EF /* Checks */,
				0688C38E23481D45007DC878 /* Inactive */,
				0625168922D6CF4100EBB4C8 /* Base.lproj */,
				06B6630623CD73A5001449D8 /* Spreadsheets */,
				0625168822D6CF4100EBB4C8 /* Assets.xcassets */,
				0625164422D6C71A00EBB4C8 /* Info.plist */,
				0625163C22D6C71900EBB4C8 /* nidhamu.xcdatamodeld */,
			);
			path = nidhamu;
			sourceTree = "<group>";
		};
		0625164C22D6C71B00EBB4C8 /* nidhamuTests */ = {
			isa = PBXGroup;
			children = (
				0625164D22D6C71B00EBB4C8 /* nidhamuTests.swift */,
				0625164F22D6C71B00EBB4C8 /* Info.plist */,
			);
			path = nidhamuTests;
			sourceTree = "<group>";
		};
		0625165722D6C71B00EBB4C8 /* nidhamuUITests */ = {
			isa = PBXGroup;
			children = (
				0625165822D6C71B00EBB4C8 /* nidhamuUITests.swift */,
				0625165A22D6C71B00EBB4C8 /* Info.plist */,
			);
			path = nidhamuUITests;
			sourceTree = "<group>";
		};
		0625168922D6CF4100EBB4C8 /* Base.lproj */ = {
			isa = PBXGroup;
			children = (
				0625168A22D6CF4100EBB4C8 /* LaunchScreen.storyboard */,
			);
			path = Base.lproj;
			sourceTree = "<group>";
		};
		06541284237A6D830080F3EF /* C-more */ = {
			isa = PBXGroup;
			children = (
				06541285237A6D830080F3EF /* ui */,
				0654128F237A6D830080F3EF /* popup */,
				06A2035423D809EC00E4FA0A /* messages */,
				06541295237A6D830080F3EF /* cell */,
				06541299237A6D830080F3EF /* nav */,
			);
			path = "C-more";
			sourceTree = "<group>";
		};
		06541285237A6D830080F3EF /* ui */ = {
			isa = PBXGroup;
			children = (
				06541288237A6D830080F3EF /* Tap.swift */,
				06A2035223D8096B00E4FA0A /* LongPress.swift */,
				0654128A237A6D830080F3EF /* Pinch.swift */,
				0654128B237A6D830080F3EF /* TextField.swift */,
				06541287237A6D830080F3EF /* TFReturn.swift */,
				0654128D237A6D830080F3EF /* Keyboard.swift */,
				0654128C237A6D830080F3EF /* UINotify.swift */,
			);
			path = ui;
			sourceTree = "<group>";
		};
		0654128F237A6D830080F3EF /* popup */ = {
			isa = PBXGroup;
			children = (
				06541286237A6D830080F3EF /* TapPopup.swift */,
				06541291237A6D830080F3EF /* AddPopup.swift */,
				06541290237A6D830080F3EF /* PSwitch.swift */,
				06541292237A6D830080F3EF /* PopupVC.swift */,
				06541293237A6D830080F3EF /* PLifeCycle.swift */,
				06541294237A6D830080F3EF /* PCellPath.swift */,
			);
			path = popup;
			sourceTree = "<group>";
		};
		06541295237A6D830080F3EF /* cell */ = {
			isa = PBXGroup;
			children = (
				06541296237A6D830080F3EF /* Cell.swift */,
				06541298237A6D830080F3EF /* BaseCell.swift */,
				06541297237A6D830080F3EF /* LeftCell.swift */,
				0629972223A09157001D178D /* RightCell.swift */,
				0665328E23A55A05006EC559 /* LRSetup.swift */,
			);
			path = cell;
			sourceTree = "<group>";
		};
		06541299237A6D830080F3EF /* nav */ = {
			isa = PBXGroup;
			children = (
				0654129C237A6D830080F3EF /* NavBar.swift */,
				0654129B237A6D830080F3EF /* NavTitle.swift */,
				0654129A237A6D830080F3EF /* Buttons.swift */,
				0654129D237A6D830080F3EF /* Reload.swift */,
				0654129E237A6D830080F3EF /* GoToVC.swift */,
			);
			path = nav;
			sourceTree = "<group>";
		};
		0654129F237A6D830080F3EF /* V */ = {
			isa = PBXGroup;
			children = (
				065412A4237A6D830080F3EF /* Prynts.swift */,
				065412A0237A6D830080F3EF /* Strings.swift */,
				065412A1237A6D830080F3EF /* Colours.swift */,
				065412A2237A6D830080F3EF /* BlockBorder.swift */,
				065412A5237A6D830080F3EF /* RotateLock.swift */,
			);
			path = V;
			sourceTree = "<group>";
		};
		065412A6237A6D830080F3EF /* C-core */ = {
			isa = PBXGroup;
			children = (
				065412AC237A6D830080F3EF /* CollectionVC.swift */,
				065412A7237A6D830080F3EF /* VCLifecycle.swift */,
				065412AD237A6D830080F3EF /* CellPath.swift */,
				065412AB237A6D830080F3EF /* CellSetup.swift */,
				065412A9237A6D830080F3EF /* PrepareTBs.swift */,
				0678FC5B23DAA4E0009B25B8 /* ProcessTBs.swift */,
				065412AA237A6D830080F3EF /* TagTasks.swift */,
				065412AE237A6D830080F3EF /* Archiving.swift */,
				065412A8237A6D830080F3EF /* UIMode.swift */,
			);
			path = "C-core";
			sourceTree = "<group>";
		};
		065412AF237A6D840080F3EF /* Dates */ = {
			isa = PBXGroup;
			children = (
				065412B4237A6D840080F3EF /* Dates.swift */,
				065412B6237A6D840080F3EF /* DateStrings.swift */,
				065412B0237A6D840080F3EF /* FormatDate.swift */,
				065412B7237A6D840080F3EF /* DateRefresh.swift */,
				065412B5237A6D840080F3EF /* CellDates.swift */,
				065412B1237A6D840080F3EF /* SetCellDate.swift */,
				065412B3237A6D840080F3EF /* ShowDates.swift */,
				0678FC5D23DAA6CB009B25B8 /* LoginInterval.swift */,
				063A3DA6238E4B2B00DACE48 /* DST.swift */,
			);
			path = Dates;
			sourceTree = "<group>";
		};
		065412B8237A6D840080F3EF /* Vm */ = {
			isa = PBXGroup;
			children = (
				065412BE237A6D840080F3EF /* Layout.swift */,
				065412BA237A6D840080F3EF /* Attributes.swift */,
				065412BF237A6D840080F3EF /* Prepare.swift */,
				065412B9237A6D840080F3EF /* Sizes.swift */,
				065412BB237A6D840080F3EF /* SizeEnums.swift */,
				065412BC237A6D840080F3EF /* ZIndex.swift */,
				065412BD237A6D840080F3EF /* SetTopVC.swift */,
			);
			path = Vm;
			sourceTree = "<group>";
		};
		065412C0237A6D840080F3EF /* Checks */ = {
			isa = PBXGroup;
			children = (
				065412C1237A6D840080F3EF /* TestSquare.swift */,
				065412C2237A6D840080F3EF /* Orientation.swift */,
				065412C3237A6D840080F3EF /* DeviceType.swift */,
			);
			path = Checks;
			sourceTree = "<group>";
		};
		065412C4237A6D840080F3EF /* M */ = {
			isa = PBXGroup;
			children = (
				065412C7237A6D840080F3EF /* DefaultLoad.swift */,
				065412CA237A6D840080F3EF /* DefaultSave.swift */,
				065412C9237A6D840080F3EF /* VCType.swift */,
				065412C8237A6D840080F3EF /* TimeBlock.swift */,
				065412C6237A6D840080F3EF /* SimpleTask.swift */,
				065412C5237A6D840080F3EF /* Sorting.swift */,
			);
			path = M;
			sourceTree = "<group>";
		};
		065412CB237A6D840080F3EF /* Core */ = {
			isa = PBXGroup;
			children = (
				065412D2237A6D840080F3EF /* Tasks.swift */,
				065412CC237A6D840080F3EF /* VCs.swift */,
				0699C04A23BB0F23009D1DD2 /* VCs_II.swift */,
				065412D0237A6D840080F3EF /* Vars.swift */,
				065412CF237A6D840080F3EF /* TaskVars.swift */,
				065412CD237A6D840080F3EF /* TimeVars.swift */,
				065412D1237A6D840080F3EF /* AppDelegate.swift */,
				065412CE237A6D840080F3EF /* AppLifecycle.swift */,
			);
			path = Core;
			sourceTree = "<group>";
		};
		0688C38E23481D45007DC878 /* Inactive */ = {
			isa = PBXGroup;
			children = (
				065412A3237A6D830080F3EF /* Animations.swift */,
				06473CA72346DF00009397AE /* SendMsg.swift */,
				0625168E22D6CF4200EBB4C8 /* ScrollBars.swift */,
			);
			path = Inactive;
			sourceTree = "<group>";
		};
		06A2035423D809EC00E4FA0A /* messages */ = {
			isa = PBXGroup;
			children = (
				06541289237A6D830080F3EF /* EmailVC.swift */,
				0654128E237A6D830080F3EF /* EmailCSV.swift */,
			);
			path = messages;
			sourceTree = "<group>";
		};
		06B6630623CD73A5001449D8 /* Spreadsheets */ = {
			isa = PBXGroup;
			children = (
				06B6630723CD73A5001449D8 /* [Nidhamu] Task Archive.numbers */,
				06B6630823CD73A5001449D8 /* [Nidhamu] Task Archive.xlsx */,
			);
			path = Spreadsheets;
			sourceTree = "<group>";
		};
/* End PBXGroup section */

/* Begin PBXNativeTarget section */
		0625163122D6C71900EBB4C8 /* nidhamu */ = {
			isa = PBXNativeTarget;
			buildConfigurationList = 0625165D22D6C71B00EBB4C8 /* Build configuration list for PBXNativeTarget "nidhamu" */;
			buildPhases = (
				0625162E22D6C71900EBB4C8 /* Sources */,
				0625162F22D6C71900EBB4C8 /* Frameworks */,
				0625163022D6C71900EBB4C8 /* Resources */,
			);
			buildRules = (
			);
			dependencies = (
			);
			name = nidhamu;
			productName = nidhamu;
			productReference = 0625163222D6C71900EBB4C8 /* nidhamu.app */;
			productType = "com.apple.product-type.application";
		};
		0625164822D6C71B00EBB4C8 /* nidhamuTests */ = {
			isa = PBXNativeTarget;
			buildConfigurationList = 0625166022D6C71B00EBB4C8 /* Build configuration list for PBXNativeTarget "nidhamuTests" */;
			buildPhases = (
				0625164522D6C71B00EBB4C8 /* Sources */,
				0625164622D6C71B00EBB4C8 /* Frameworks */,
				0625164722D6C71B00EBB4C8 /* Resources */,
			);
			buildRules = (
			);
			dependencies = (
				0625164B22D6C71B00EBB4C8 /* PBXTargetDependency */,
			);
			name = nidhamuTests;
			productName = nidhamuTests;
			productReference = 0625164922D6C71B00EBB4C8 /* nidhamuTests.xctest */;
			productType = "com.apple.product-type.bundle.unit-test";
		};
		0625165322D6C71B00EBB4C8 /* nidhamuUITests */ = {
			isa = PBXNativeTarget;
			buildConfigurationList = 0625166322D6C71B00EBB4C8 /* Build configuration list for PBXNativeTarget "nidhamuUITests" */;
			buildPhases = (
				0625165022D6C71B00EBB4C8 /* Sources */,
				0625165122D6C71B00EBB4C8 /* Frameworks */,
				0625165222D6C71B00EBB4C8 /* Resources */,
			);
			buildRules = (
			);
			dependencies = (
				0625165622D6C71B00EBB4C8 /* PBXTargetDependency */,
			);
			name = nidhamuUITests;
			productName = nidhamuUITests;
			productReference = 0625165422D6C71B00EBB4C8 /* nidhamuUITests.xctest */;
			productType = "com.apple.product-type.bundle.ui-testing";
		};
/* End PBXNativeTarget section */

/* Begin PBXProject section */
		0625162A22D6C71900EBB4C8 /* Project object */ = {
			isa = PBXProject;
			attributes = {
				LastSwiftUpdateCheck = 1020;
				LastUpgradeCheck = 1020;
				ORGANIZATIONNAME = "Garth Snyder";
				TargetAttributes = {
					0625163122D6C71900EBB4C8 = {
						CreatedOnToolsVersion = 10.2.1;
						LastSwiftMigration = 1020;
					};
					0625164822D6C71B00EBB4C8 = {
						CreatedOnToolsVersion = 10.2.1;
						TestTargetID = 0625163122D6C71900EBB4C8;
					};
					0625165322D6C71B00EBB4C8 = {
						CreatedOnToolsVersion = 10.2.1;
						TestTargetID = 0625163122D6C71900EBB4C8;
					};
				};
			};
			buildConfigurationList = 0625162D22D6C71900EBB4C8 /* Build configuration list for PBXProject "nidhamu" */;
			compatibilityVersion = "Xcode 9.3";
			developmentRegion = en;
			hasScannedForEncodings = 0;
			knownRegions = (
				en,
				Base,
			);
			mainGroup = 0625162922D6C71900EBB4C8;
			productRefGroup = 0625163322D6C71900EBB4C8 /* Products */;
			projectDirPath = "";
			projectRoot = "";
			targets = (
				0625163122D6C71900EBB4C8 /* nidhamu */,
				0625164822D6C71B00EBB4C8 /* nidhamuTests */,
				0625165322D6C71B00EBB4C8 /* nidhamuUITests */,
			);
		};
/* End PBXProject section */

/* Begin PBXResourcesBuildPhase section */
		0625163022D6C71900EBB4C8 /* Resources */ = {
			isa = PBXResourcesBuildPhase;
			buildActionMask = 2147483647;
			files = (
				062516BD22D6CF4200EBB4C8 /* LaunchScreen.storyboard in Resources */,
				06B6630923CD73A5001449D8 /* [Nidhamu] Task Archive.numbers in Resources */,
				062516BC22D6CF4200EBB4C8 /* Assets.xcassets in Resources */,
				06B6630A23CD73A5001449D8 /* [Nidhamu] Task Archive.xlsx in Resources */,
			);
			runOnlyForDeploymentPostprocessing = 0;
		};
		0625164722D6C71B00EBB4C8 /* Resources */ = {
			isa = PBXResourcesBuildPhase;
			buildActionMask = 2147483647;
			files = (
			);
			runOnlyForDeploymentPostprocessing = 0;
		};
		0625165222D6C71B00EBB4C8 /* Resources */ = {
			isa = PBXResourcesBuildPhase;
			buildActionMask = 2147483647;
			files = (
			);
			runOnlyForDeploymentPostprocessing = 0;
		};
/* End PBXResourcesBuildPhase section */

/* Begin PBXSourcesBuildPhase section */
		0625162E22D6C71900EBB4C8 /* Sources */ = {
			isa = PBXSourcesBuildPhase;
			buildActionMask = 2147483647;
			files = (
				065412E4237A6D840080F3EF /* Buttons.swift in Sources */,
				065412E2237A6D840080F3EF /* LeftCell.swift in Sources */,
				065412FA237A6D840080F3EF /* ShowDates.swift in Sources */,
				065412DD237A6D840080F3EF /* AddPopup.swift in Sources */,
				065412D7237A6D840080F3EF /* Pinch.swift in Sources */,
				065412FC237A6D840080F3EF /* CellDates.swift in Sources */,
				065412DB237A6D840080F3EF /* EmailCSV.swift in Sources */,
				065412DE237A6D840080F3EF /* PopupVC.swift in Sources */,
				06541309237A6D840080F3EF /* Sorting.swift in Sources */,
				06473CA82346DF00009397AE /* SendMsg.swift in Sources */,
				065412F2237A6D840080F3EF /* TagTasks.swift in Sources */,
				065412E1237A6D840080F3EF /* Cell.swift in Sources */,
				065412E6237A6D840080F3EF /* NavBar.swift in Sources */,
				065412F7237A6D840080F3EF /* FormatDate.swift in Sources */,
				065412D9237A6D840080F3EF /* UINotify.swift in Sources */,
				065412E3237A6D840080F3EF /* BaseCell.swift in Sources */,
				065412ED237A6D840080F3EF /* Prynts.swift in Sources */,
				0678FC5E23DAA6CB009B25B8 /* LoginInterval.swift in Sources */,
				065412DA237A6D840080F3EF /* Keyboard.swift in Sources */,
				06541304237A6D840080F3EF /* Layout.swift in Sources */,
				06541308237A6D840080F3EF /* DeviceType.swift in Sources */,
				0654130A237A6D840080F3EF /* SimpleTask.swift in Sources */,
				065412F6237A6D840080F3EF /* Archiving.swift in Sources */,
				0625163E22D6C71900EBB4C8 /* nidhamu.xcdatamodeld in Sources */,
				063A3DA7238E4B2B00DACE48 /* DST.swift in Sources */,
				0629972323A09157001D178D /* RightCell.swift in Sources */,
				0678FC5C23DAA4E0009B25B8 /* ProcessTBs.swift in Sources */,
				065412EB237A6D840080F3EF /* BlockBorder.swift in Sources */,
				065412D3237A6D840080F3EF /* TapPopup.swift in Sources */,
				065412E7237A6D840080F3EF /* Reload.swift in Sources */,
				0654130E237A6D840080F3EF /* DefaultSave.swift in Sources */,
				0654130D237A6D840080F3EF /* VCType.swift in Sources */,
				06541315237A6D840080F3EF /* Tasks.swift in Sources */,
				065412EC237A6D840080F3EF /* Animations.swift in Sources */,
				06541307237A6D840080F3EF /* Orientation.swift in Sources */,
				065412D6237A6D840080F3EF /* EmailVC.swift in Sources */,
				065412EA237A6D840080F3EF /* Colours.swift in Sources */,
				065412E5237A6D840080F3EF /* NavTitle.swift in Sources */,
				065412EF237A6D840080F3EF /* VCLifecycle.swift in Sources */,
				06541306237A6D840080F3EF /* TestSquare.swift in Sources */,
				0654130C237A6D840080F3EF /* TimeBlock.swift in Sources */,
				065412D5237A6D840080F3EF /* Tap.swift in Sources */,
				065412DF237A6D840080F3EF /* PLifeCycle.swift in Sources */,
				065412FE237A6D840080F3EF /* DateRefresh.swift in Sources */,
				065412E8237A6D840080F3EF /* GoToVC.swift in Sources */,
				06541311237A6D840080F3EF /* AppLifecycle.swift in Sources */,
				06541313237A6D840080F3EF /* Vars.swift in Sources */,
				0654130B237A6D840080F3EF /* DefaultLoad.swift in Sources */,
				06541310237A6D840080F3EF /* TimeVars.swift in Sources */,
				065412E9237A6D840080F3EF /* Strings.swift in Sources */,
				06541314237A6D840080F3EF /* AppDelegate.swift in Sources */,
				065412DC237A6D840080F3EF /* PSwitch.swift in Sources */,
				065412D8237A6D840080F3EF /* TextField.swift in Sources */,
				0665328F23A55A05006EC559 /* LRSetup.swift in Sources */,
				065412F1237A6D840080F3EF /* PrepareTBs.swift in Sources */,
				06541301237A6D840080F3EF /* SizeEnums.swift in Sources */,
				06541305237A6D840080F3EF /* Prepare.swift in Sources */,
				0699C04B23BB0F23009D1DD2 /* VCs_II.swift in Sources */,
				06541312237A6D840080F3EF /* TaskVars.swift in Sources */,
				065412F4237A6D840080F3EF /* CollectionVC.swift in Sources */,
				0654130F237A6D840080F3EF /* VCs.swift in Sources */,
				06541303237A6D840080F3EF /* SetTopVC.swift in Sources */,
				065412FF237A6D840080F3EF /* Sizes.swift in Sources */,
				065412D4237A6D840080F3EF /* TFReturn.swift in Sources */,
				06541302237A6D840080F3EF /* ZIndex.swift in Sources */,
				06A2035323D8096B00E4FA0A /* LongPress.swift in Sources */,
				065412FB237A6D840080F3EF /* Dates.swift in Sources */,
				065412F3237A6D840080F3EF /* CellSetup.swift in Sources */,
				065412EE237A6D840080F3EF /* RotateLock.swift in Sources */,
				065412F5237A6D840080F3EF /* CellPath.swift in Sources */,
				065412E0237A6D840080F3EF /* PCellPath.swift in Sources */,
				062516BF22D6CF4200EBB4C8 /* ScrollBars.swift in Sources */,
				065412F0237A6D840080F3EF /* UIMode.swift in Sources */,
				065412FD237A6D840080F3EF /* DateStrings.swift in Sources */,
				065412F8237A6D840080F3EF /* SetCellDate.swift in Sources */,
				06541300237A6D840080F3EF /* Attributes.swift in Sources */,
			);
			runOnlyForDeploymentPostprocessing = 0;
		};
		0625164522D6C71B00EBB4C8 /* Sources */ = {
			isa = PBXSourcesBuildPhase;
			buildActionMask = 2147483647;
			files = (
				0625164E22D6C71B00EBB4C8 /* nidhamuTests.swift in Sources */,
			);
			runOnlyForDeploymentPostprocessing = 0;
		};
		0625165022D6C71B00EBB4C8 /* Sources */ = {
			isa = PBXSourcesBuildPhase;
			buildActionMask = 2147483647;
			files = (
				0625165922D6C71B00EBB4C8 /* nidhamuUITests.swift in Sources */,
			);
			runOnlyForDeploymentPostprocessing = 0;
		};
/* End PBXSourcesBuildPhase section */

/* Begin PBXTargetDependency section */
		0625164B22D6C71B00EBB4C8 /* PBXTargetDependency */ = {
			isa = PBXTargetDependency;
			target = 0625163122D6C71900EBB4C8 /* nidhamu */;
			targetProxy = 0625164A22D6C71B00EBB4C8 /* PBXContainerItemProxy */;
		};
		0625165622D6C71B00EBB4C8 /* PBXTargetDependency */ = {
			isa = PBXTargetDependency;
			target = 0625163122D6C71900EBB4C8 /* nidhamu */;
			targetProxy = 0625165522D6C71B00EBB4C8 /* PBXContainerItemProxy */;
		};
/* End PBXTargetDependency section */

/* Begin PBXVariantGroup section */
		0625168A22D6CF4100EBB4C8 /* LaunchScreen.storyboard */ = {
			isa = PBXVariantGroup;
			children = (
				0625168B22D6CF4100EBB4C8 /* Base */,
			);
			name = LaunchScreen.storyboard;
			sourceTree = "<group>";
		};
/* End PBXVariantGroup section */

/* Begin XCBuildConfiguration section */
		0625165B22D6C71B00EBB4C8 /* Debug */ = {
			isa = XCBuildConfiguration;
			buildSettings = {
				ALWAYS_SEARCH_USER_PATHS = NO;
				CLANG_ANALYZER_NONNULL = YES;
				CLANG_ANALYZER_NUMBER_OBJECT_CONVERSION = YES_AGGRESSIVE;
				CLANG_CXX_LANGUAGE_STANDARD = "gnu++14";
				CLANG_CXX_LIBRARY = "libc++";
				CLANG_ENABLE_MODULES = YES;
				CLANG_ENABLE_OBJC_ARC = YES;
				CLANG_ENABLE_OBJC_WEAK = YES;
				CLANG_WARN_BLOCK_CAPTURE_AUTORELEASING = YES;
				CLANG_WARN_BOOL_CONVERSION = YES;
				CLANG_WARN_COMMA = YES;
				CLANG_WARN_CONSTANT_CONVERSION = YES;
				CLANG_WARN_DEPRECATED_OBJC_IMPLEMENTATIONS = YES;
				CLANG_WARN_DIRECT_OBJC_ISA_USAGE = YES_ERROR;
				CLANG_WARN_DOCUMENTATION_COMMENTS = YES;
				CLANG_WARN_EMPTY_BODY = YES;
				CLANG_WARN_ENUM_CONVERSION = YES;
				CLANG_WARN_INFINITE_RECURSION = YES;
				CLANG_WARN_INT_CONVERSION = YES;
				CLANG_WARN_NON_LITERAL_NULL_CONVERSION = YES;
				CLANG_WARN_OBJC_IMPLICIT_RETAIN_SELF = YES;
				CLANG_WARN_OBJC_LITERAL_CONVERSION = YES;
				CLANG_WARN_OBJC_ROOT_CLASS = YES_ERROR;
				CLANG_WARN_RANGE_LOOP_ANALYSIS = YES;
				CLANG_WARN_STRICT_PROTOTYPES = YES;
				CLANG_WARN_SUSPICIOUS_MOVE = YES;
				CLANG_WARN_UNGUARDED_AVAILABILITY = YES_AGGRESSIVE;
				CLANG_WARN_UNREACHABLE_CODE = YES;
				CLANG_WARN__DUPLICATE_METHOD_MATCH = YES;
				CODE_SIGN_IDENTITY = "iPhone Developer";
				COPY_PHASE_STRIP = NO;
				DEBUG_INFORMATION_FORMAT = dwarf;
				ENABLE_STRICT_OBJC_MSGSEND = YES;
				ENABLE_TESTABILITY = YES;
				GCC_C_LANGUAGE_STANDARD = gnu11;
				GCC_DYNAMIC_NO_PIC = NO;
				GCC_NO_COMMON_BLOCKS = YES;
				GCC_OPTIMIZATION_LEVEL = 0;
				GCC_PREPROCESSOR_DEFINITIONS = (
					"DEBUG=1",
					"$(inherited)",
				);
				GCC_WARN_64_TO_32_BIT_CONVERSION = YES;
				GCC_WARN_ABOUT_RETURN_TYPE = YES_ERROR;
				GCC_WARN_UNDECLARED_SELECTOR = YES;
				GCC_WARN_UNINITIALIZED_AUTOS = YES_AGGRESSIVE;
				GCC_WARN_UNUSED_FUNCTION = YES;
				GCC_WARN_UNUSED_VARIABLE = YES;
				IPHONEOS_DEPLOYMENT_TARGET = 12.2;
				MTL_ENABLE_DEBUG_INFO = INCLUDE_SOURCE;
				MTL_FAST_MATH = YES;
				ONLY_ACTIVE_ARCH = YES;
				SDKROOT = iphoneos;
				SWIFT_ACTIVE_COMPILATION_CONDITIONS = DEBUG;
				SWIFT_OPTIMIZATION_LEVEL = "-Onone";
			};
			name = Debug;
		};
		0625165C22D6C71B00EBB4C8 /* Release */ = {
			isa = XCBuildConfiguration;
			buildSettings = {
				ALWAYS_SEARCH_USER_PATHS = NO;
				CLANG_ANALYZER_NONNULL = YES;
				CLANG_ANALYZER_NUMBER_OBJECT_CONVERSION = YES_AGGRESSIVE;
				CLANG_CXX_LANGUAGE_STANDARD = "gnu++14";
				CLANG_CXX_LIBRARY = "libc++";
				CLANG_ENABLE_MODULES = YES;
				CLANG_ENABLE_OBJC_ARC = YES;
				CLANG_ENABLE_OBJC_WEAK = YES;
				CLANG_WARN_BLOCK_CAPTURE_AUTORELEASING = YES;
				CLANG_WARN_BOOL_CONVERSION = YES;
				CLANG_WARN_COMMA = YES;
				CLANG_WARN_CONSTANT_CONVERSION = YES;
				CLANG_WARN_DEPRECATED_OBJC_IMPLEMENTATIONS = YES;
				CLANG_WARN_DIRECT_OBJC_ISA_USAGE = YES_ERROR;
				CLANG_WARN_DOCUMENTATION_COMMENTS = YES;
				CLANG_WARN_EMPTY_BODY = YES;
				CLANG_WARN_ENUM_CONVERSION = YES;
				CLANG_WARN_INFINITE_RECURSION = YES;
				CLANG_WARN_INT_CONVERSION = YES;
				CLANG_WARN_NON_LITERAL_NULL_CONVERSION = YES;
				CLANG_WARN_OBJC_IMPLICIT_RETAIN_SELF = YES;
				CLANG_WARN_OBJC_LITERAL_CONVERSION = YES;
				CLANG_WARN_OBJC_ROOT_CLASS = YES_ERROR;
				CLANG_WARN_RANGE_LOOP_ANALYSIS = YES;
				CLANG_WARN_STRICT_PROTOTYPES = YES;
				CLANG_WARN_SUSPICIOUS_MOVE = YES;
				CLANG_WARN_UNGUARDED_AVAILABILITY = YES_AGGRESSIVE;
				CLANG_WARN_UNREACHABLE_CODE = YES;
				CLANG_WARN__DUPLICATE_METHOD_MATCH = YES;
				CODE_SIGN_IDENTITY = "iPhone Developer";
				COPY_PHASE_STRIP = NO;
				DEBUG_INFORMATION_FORMAT = "dwarf-with-dsym";
				ENABLE_NS_ASSERTIONS = NO;
				ENABLE_STRICT_OBJC_MSGSEND = YES;
				GCC_C_LANGUAGE_STANDARD = gnu11;
				GCC_NO_COMMON_BLOCKS = YES;
				GCC_WARN_64_TO_32_BIT_CONVERSION = YES;
				GCC_WARN_ABOUT_RETURN_TYPE = YES_ERROR;
				GCC_WARN_UNDECLARED_SELECTOR = YES;
				GCC_WARN_UNINITIALIZED_AUTOS = YES_AGGRESSIVE;
				GCC_WARN_UNUSED_FUNCTION = YES;
				GCC_WARN_UNUSED_VARIABLE = YES;
				IPHONEOS_DEPLOYMENT_TARGET = 12.2;
				MTL_ENABLE_DEBUG_INFO = NO;
				MTL_FAST_MATH = YES;
				SDKROOT = iphoneos;
				SWIFT_COMPILATION_MODE = wholemodule;
				SWIFT_OPTIMIZATION_LEVEL = "-O";
				VALIDATE_PRODUCT = YES;
			};
			name = Release;
		};
		0625165E22D6C71B00EBB4C8 /* Debug */ = {
			isa = XCBuildConfiguration;
			buildSettings = {
				ASSETCATALOG_COMPILER_APPICON_NAME = AppIcon;
				CLANG_ENABLE_MODULES = YES;
				CODE_SIGN_STYLE = Automatic;
				DEVELOPMENT_TEAM = KX84NTAHJ6;
				INFOPLIST_FILE = nidhamu/Info.plist;
				IPHONEOS_DEPLOYMENT_TARGET = 13.0;
				LD_RUNPATH_SEARCH_PATHS = (
					"$(inherited)",
					"@executable_path/Frameworks",
				);
				PRODUCT_BUNDLE_IDENTIFIER = com.example.nidhamu;
				PRODUCT_NAME = "$(TARGET_NAME)";
				SWIFT_OPTIMIZATION_LEVEL = "-Onone";
				SWIFT_VERSION = 5.0;
				TARGETED_DEVICE_FAMILY = "1,2";
			};
			name = Debug;
		};
		0625165F22D6C71B00EBB4C8 /* Release */ = {
			isa = XCBuildConfiguration;
			buildSettings = {
				ASSETCATALOG_COMPILER_APPICON_NAME = AppIcon;
				CLANG_ENABLE_MODULES = YES;
				CODE_SIGN_STYLE = Automatic;
				DEVELOPMENT_TEAM = KX84NTAHJ6;
				INFOPLIST_FILE = nidhamu/Info.plist;
				IPHONEOS_DEPLOYMENT_TARGET = 13.0;
				LD_RUNPATH_SEARCH_PATHS = (
					"$(inherited)",
					"@executable_path/Frameworks",
				);
				PRODUCT_BUNDLE_IDENTIFIER = com.example.nidhamu;
				PRODUCT_NAME = "$(TARGET_NAME)";
				SWIFT_VERSION = 5.0;
				TARGETED_DEVICE_FAMILY = "1,2";
			};
			name = Release;
		};
		0625166122D6C71B00EBB4C8 /* Debug */ = {
			isa = XCBuildConfiguration;
			buildSettings = {
				ALWAYS_EMBED_SWIFT_STANDARD_LIBRARIES = YES;
				BUNDLE_LOADER = "$(TEST_HOST)";
				CODE_SIGN_STYLE = Automatic;
				DEVELOPMENT_TEAM = KX84NTAHJ6;
				INFOPLIST_FILE = nidhamuTests/Info.plist;
				LD_RUNPATH_SEARCH_PATHS = (
					"$(inherited)",
					"@executable_path/Frameworks",
					"@loader_path/Frameworks",
				);
				PRODUCT_BUNDLE_IDENTIFIER = com.example.nidhamuTests;
				PRODUCT_NAME = "$(TARGET_NAME)";
				SWIFT_VERSION = 5.0;
				TARGETED_DEVICE_FAMILY = "1,2";
				TEST_HOST = "$(BUILT_PRODUCTS_DIR)/nidhamu.app/nidhamu";
			};
			name = Debug;
		};
		0625166222D6C71B00EBB4C8 /* Release */ = {
			isa = XCBuildConfiguration;
			buildSettings = {
				ALWAYS_EMBED_SWIFT_STANDARD_LIBRARIES = YES;
				BUNDLE_LOADER = "$(TEST_HOST)";
				CODE_SIGN_STYLE = Automatic;
				DEVELOPMENT_TEAM = KX84NTAHJ6;
				INFOPLIST_FILE = nidhamuTests/Info.plist;
				LD_RUNPATH_SEARCH_PATHS = (
					"$(inherited)",
					"@executable_path/Frameworks",
					"@loader_path/Frameworks",
				);
				PRODUCT_BUNDLE_IDENTIFIER = com.example.nidhamuTests;
				PRODUCT_NAME = "$(TARGET_NAME)";
				SWIFT_VERSION = 5.0;
				TARGETED_DEVICE_FAMILY = "1,2";
				TEST_HOST = "$(BUILT_PRODUCTS_DIR)/nidhamu.app/nidhamu";
			};
			name = Release;
		};
		0625166422D6C71B00EBB4C8 /* Debug */ = {
			isa = XCBuildConfiguration;
			buildSettings = {
				ALWAYS_EMBED_SWIFT_STANDARD_LIBRARIES = YES;
				CODE_SIGN_STYLE = Automatic;
				DEVELOPMENT_TEAM = KX84NTAHJ6;
				INFOPLIST_FILE = nidhamuUITests/Info.plist;
				LD_RUNPATH_SEARCH_PATHS = (
					"$(inherited)",
					"@executable_path/Frameworks",
					"@loader_path/Frameworks",
				);
				PRODUCT_BUNDLE_IDENTIFIER = com.example.nidhamuUITests;
				PRODUCT_NAME = "$(TARGET_NAME)";
				SWIFT_VERSION = 5.0;
				TARGETED_DEVICE_FAMILY = "1,2";
				TEST_TARGET_NAME = nidhamu;
			};
			name = Debug;
		};
		0625166522D6C71B00EBB4C8 /* Release */ = {
			isa = XCBuildConfiguration;
			buildSettings = {
				ALWAYS_EMBED_SWIFT_STANDARD_LIBRARIES = YES;
				CODE_SIGN_STYLE = Automatic;
				DEVELOPMENT_TEAM = KX84NTAHJ6;
				INFOPLIST_FILE = nidhamuUITests/Info.plist;
				LD_RUNPATH_SEARCH_PATHS = (
					"$(inherited)",
					"@executable_path/Frameworks",
					"@loader_path/Frameworks",
				);
				PRODUCT_BUNDLE_IDENTIFIER = com.example.nidhamuUITests;
				PRODUCT_NAME = "$(TARGET_NAME)";
				SWIFT_VERSION = 5.0;
				TARGETED_DEVICE_FAMILY = "1,2";
				TEST_TARGET_NAME = nidhamu;
			};
			name = Release;
		};
/* End XCBuildConfiguration section */

/* Begin XCConfigurationList section */
		0625162D22D6C71900EBB4C8 /* Build configuration list for PBXProject "nidhamu" */ = {
			isa = XCConfigurationList;
			buildConfigurations = (
				0625165B22D6C71B00EBB4C8 /* Debug */,
				0625165C22D6C71B00EBB4C8 /* Release */,
			);
			defaultConfigurationIsVisible = 0;
			defaultConfigurationName = Release;
		};
		0625165D22D6C71B00EBB4C8 /* Build configuration list for PBXNativeTarget "nidhamu" */ = {
			isa = XCConfigurationList;
			buildConfigurations = (
				0625165E22D6C71B00EBB4C8 /* Debug */,
				0625165F22D6C71B00EBB4C8 /* Release */,
			);
			defaultConfigurationIsVisible = 0;
			defaultConfigurationName = Release;
		};
		0625166022D6C71B00EBB4C8 /* Build configuration list for PBXNativeTarget "nidhamuTests" */ = {
			isa = XCConfigurationList;
			buildConfigurations = (
				0625166122D6C71B00EBB4C8 /* Debug */,
				0625166222D6C71B00EBB4C8 /* Release */,
			);
			defaultConfigurationIsVisible = 0;
			defaultConfigurationName = Release;
		};
		0625166322D6C71B00EBB4C8 /* Build configuration list for PBXNativeTarget "nidhamuUITests" */ = {
			isa = XCConfigurationList;
			buildConfigurations = (
				0625166422D6C71B00EBB4C8 /* Debug */,
				0625166522D6C71B00EBB4C8 /* Release */,
			);
			defaultConfigurationIsVisible = 0;
			defaultConfigurationName = Release;
		};
/* End XCConfigurationList section */

/* Begin XCVersionGroup section */
		0625163C22D6C71900EBB4C8 /* nidhamu.xcdatamodeld */ = {
			isa = XCVersionGroup;
			children = (
				0625163D22D6C71900EBB4C8 /* nidhamu.xcdatamodel */,
			);
			currentVersion = 0625163D22D6C71900EBB4C8 /* nidhamu.xcdatamodel */;
			path = nidhamu.xcdatamodeld;
			sourceTree = "<group>";
			versionGroupType = wrapper.xcdatamodel;
		};
/* End XCVersionGroup section */
	};
	rootObject = 0625162A22D6C71900EBB4C8 /* Project object */;
}
